
Microsoft Visual Studio Solution File, Format Version 12.00
# Visual Studio Version 17
VisualStudioVersion = 17.7.34031.279
MinimumVisualStudioVersion = 10.0.40219.1
Project("{9A19103F-16F7-4668-BE54-9A1E7A4F7556}") = "Common", "Common\Common.csproj", "{410315BE-0B58-4B97-9CEF-F3F82E14B621}"
EndProject
Project("{9A19103F-16F7-4668-BE54-9A1E7A4F7556}") = "DataAccess", "DataAccess\DataAccess.csproj", "{32C1ABE4-82B6-404C-BA64-B0E023F42807}"
EndProject
Project("{9A19103F-16F7-4668-BE54-9A1E7A4F7556}") = "Business", "Business\Business.csproj", "{523E43E5-879F-4BD2-A546-1834C6E7A73D}"
EndProject
Project("{9A19103F-16F7-4668-BE54-9A1E7A4F7556}") = "API", "API\API.csproj", "{9E920DB2-DAB7-47F4-BE43-A4C4920AB7F1}"
EndProject
Project("{2150E333-8FDC-42A3-9474-1A3956D46DE8}") = "tests", "tests", "{3E43C81B-F3A1-46EB-B6A4-7AF6B1447056}"
EndProject
Project("{FAE04EC0-301F-11D3-BF4B-00C04F79EFBC}") = "DataAccessTests", "Tests\DataAccessTests\DataAccessTests.csproj", "{722E7B2A-E0E1-4ACC-94CF-6B01C7A81803}"
EndProject
Global
	GlobalSection(SolutionConfigurationPlatforms) = preSolution
		Debug|Any CPU = Debug|Any CPU
		Release|Any CPU = Release|Any CPU
	EndGlobalSection
	GlobalSection(ProjectConfigurationPlatforms) = postSolution
		{410315BE-0B58-4B97-9CEF-F3F82E14B621}.Debug|Any CPU.ActiveCfg = Debug|Any CPU
		{410315BE-0B58-4B97-9CEF-F3F82E14B621}.Debug|Any CPU.Build.0 = Debug|Any CPU
		{410315BE-0B58-4B97-9CEF-F3F82E14B621}.Release|Any CPU.ActiveCfg = Release|Any CPU
		{410315BE-0B58-4B97-9CEF-F3F82E14B621}.Release|Any CPU.Build.0 = Release|Any CPU
		{32C1ABE4-82B6-404C-BA64-B0E023F42807}.Debug|Any CPU.ActiveCfg = Debug|Any CPU
		{32C1ABE4-82B6-404C-BA64-B0E023F42807}.Debug|Any CPU.Build.0 = Debug|Any CPU
		{32C1ABE4-82B6-404C-BA64-B0E023F42807}.Release|Any CPU.ActiveCfg = Release|Any CPU
		{32C1ABE4-82B6-404C-BA64-B0E023F42807}.Release|Any CPU.Build.0 = Release|Any CPU
		{523E43E5-879F-4BD2-A546-1834C6E7A73D}.Debug|Any CPU.ActiveCfg = Debug|Any CPU
		{523E43E5-879F-4BD2-A546-1834C6E7A73D}.Debug|Any CPU.Build.0 = Debug|Any CPU
		{523E43E5-879F-4BD2-A546-1834C6E7A73D}.Release|Any CPU.ActiveCfg = Release|Any CPU
		{523E43E5-879F-4BD2-A546-1834C6E7A73D}.Release|Any CPU.Build.0 = Release|Any CPU
		{9E920DB2-DAB7-47F4-BE43-A4C4920AB7F1}.Debug|Any CPU.ActiveCfg = Debug|Any CPU
		{9E920DB2-DAB7-47F4-BE43-A4C4920AB7F1}.Debug|Any CPU.Build.0 = Debug|Any CPU
		{9E920DB2-DAB7-47F4-BE43-A4C4920AB7F1}.Release|Any CPU.ActiveCfg = Release|Any CPU
		{9E920DB2-DAB7-47F4-BE43-A4C4920AB7F1}.Release|Any CPU.Build.0 = Release|Any CPU
		{722E7B2A-E0E1-4ACC-94CF-6B01C7A81803}.Debug|Any CPU.ActiveCfg = Debug|Any CPU
		{722E7B2A-E0E1-4ACC-94CF-6B01C7A81803}.Debug|Any CPU.Build.0 = Debug|Any CPU
		{722E7B2A-E0E1-4ACC-94CF-6B01C7A81803}.Release|Any CPU.ActiveCfg = Release|Any CPU
		{722E7B2A-E0E1-4ACC-94CF-6B01C7A81803}.Release|Any CPU.Build.0 = Release|Any CPU
	EndGlobalSection
	GlobalSection(SolutionProperties) = preSolution
		HideSolutionNode = FALSE
	EndGlobalSection
	GlobalSection(NestedProjects) = preSolution
		{722E7B2A-E0E1-4ACC-94CF-6B01C7A81803} = {3E43C81B-F3A1-46EB-B6A4-7AF6B1447056}
	EndGlobalSection
	GlobalSection(ExtensibilityGlobals) = postSolution
		SolutionGuid = {589827F9-B385-44CA-92E2-AD47454AA357}
	EndGlobalSection
EndGlobal
